
Microsoft Visual Studio Solution File, Format Version 12.00
# Visual Studio Version 17
VisualStudioVersion = 17.9.34714.143
MinimumVisualStudioVersion = 10.0.40219.1
Project("{FAE04EC0-301F-11D3-BF4B-00C04F79EFBC}") = "detector-codigo", "detector-codigo.csproj", "{4A72516E-003B-48A6-8F5F-34F4F2AC9B42}"
EndProject
Global
	GlobalSection(SolutionConfigurationPlatforms) = preSolution
		Debug|Any CPU = Debug|Any CPU
		Release|Any CPU = Release|Any CPU
	EndGlobalSection
	GlobalSection(ProjectConfigurationPlatforms) = postSolution
		{4A72516E-003B-48A6-8F5F-34F4F2AC9B42}.Debug|Any CPU.ActiveCfg = Debug|Any CPU
		{4A72516E-003B-48A6-8F5F-34F4F2AC9B42}.Debug|Any CPU.Build.0 = Debug|Any CPU
		{4A72516E-003B-48A6-8F5F-34F4F2AC9B42}.Release|Any CPU.ActiveCfg = Release|Any CPU
		{4A72516E-003B-48A6-8F5F-34F4F2AC9B42}.Release|Any CPU.Build.0 = Release|Any CPU
	EndGlobalSection
	GlobalSection(SolutionProperties) = preSolution
		HideSolutionNode = FALSE
	EndGlobalSection
	GlobalSection(ExtensibilityGlobals) = postSolution
		SolutionGuid = {10A9A9FC-70B7-478A-96B0-1F41B587BE22}
	EndGlobalSection
EndGlobal
